lockfileVersion: '9.0'

settings:
  autoInstallPeers: true
  excludeLinksFromLockfile: false

importers:

  .:
    devDependencies:
      prettier-plugin-astro:
        specifier: ^0.14.1
        version: 0.14.1

packages:

  '@astrojs/compiler@2.10.3':
    resolution: {integrity: sha512-bL/O7YBxsFt55YHU021oL+xz+B/9HvGNId3F9xURN16aeqDK9juHGktdkCSXz+U4nqFACq6ZFvWomOzhV+zfPw==}

  prettier-plugin-astro@0.14.1:
    resolution: {integrity: sha512-RiBETaaP9veVstE4vUwSIcdATj6dKmXljouXc/DDNwBSPTp8FRkLGDSGFClKsAFeeg+13SB0Z1JZvbD76bigJw==}
    engines: {node: ^14.15.0 || >=16.0.0}

  prettier@3.3.3:
    resolution: {integrity: sha512-i2tDNA0O5IrMO757lfrdQZCc2jPNDVntV0m/+4whiDfWaTKfMNgR7Qz0NAeGz/nRqF4m5/6CLzbP4/liHt12Ew==}
    engines: {node: '>=14'}
    hasBin: true

  s.color@0.0.15:
    resolution: {integrity: sha512-AUNrbEUHeKY8XsYr/DYpl+qk5+aM+DChopnWOPEzn8YKzOhv4l2zH6LzZms3tOZP3wwdOyc0RmTciyi46HLIuA==}

  sass-formatter@0.7.9:
    resolution: {integrity: sha512-CWZ8XiSim+fJVG0cFLStwDvft1VI7uvXdCNJYXhDvowiv+DsbD1nXLiQ4zrE5UBvj5DWZJ93cwN0NX5PMsr1Pw==}

  suf-log@2.5.3:
    resolution: {integrity: sha512-KvC8OPjzdNOe+xQ4XWJV2whQA0aM1kGVczMQ8+dStAO6KfEB140JEVQ9dE76ONZ0/Ylf67ni4tILPJB41U0eow==}

snapshots:

  '@astrojs/compiler@2.10.3': {}

  prettier-plugin-astro@0.14.1:
    dependencies:
      '@astrojs/compiler': 2.10.3
      prettier: 3.3.3
      sass-formatter: 0.7.9

  prettier@3.3.3: {}

  s.color@0.0.15: {}

  sass-formatter@0.7.9:
    dependencies:
      suf-log: 2.5.3

  suf-log@2.5.3:
    dependencies:
      s.color: 0.0.15
